
Microsoft Visual Studio Solution File, Format Version 12.00
# Visual Studio Version 17
VisualStudioVersion = 17.6.33815.320
MinimumVisualStudioVersion = 10.0.40219.1
Project("{FAE04EC0-301F-11D3-BF4B-00C04F79EFBC}") = "TentacionGolosinas", "TentacionGolosinas\TentacionGolosinas.csproj", "{9FD277F9-61BD-423A-AF6B-54F9BE0392C6}"
EndProject
Project("{FAE04EC0-301F-11D3-BF4B-00C04F79EFBC}") = "LibreriaDLL", "LibreriaDLL\LibreriaDLL.csproj", "{8F4FAE47-A9A6-49C5-B56A-E2367A9F85A2}"
EndProject
Project("{54435603-DBB4-11D2-8724-00A0C9A8B90C}") = "Setup", "Setup\Setup.vdproj", "{20FCBE25-9A6D-48CA-A302-8F48423DFF8B}"
EndProject
Global
	GlobalSection(SolutionConfigurationPlatforms) = preSolution
		Debug|Any CPU = Debug|Any CPU
		Release|Any CPU = Release|Any CPU
	EndGlobalSection
	GlobalSection(ProjectConfigurationPlatforms) = postSolution
		{9FD277F9-61BD-423A-AF6B-54F9BE0392C6}.Debug|Any CPU.ActiveCfg = Debug|Any CPU
		{9FD277F9-61BD-423A-AF6B-54F9BE0392C6}.Debug|Any CPU.Build.0 = Debug|Any CPU
		{9FD277F9-61BD-423A-AF6B-54F9BE0392C6}.Release|Any CPU.ActiveCfg = Release|Any CPU
		{9FD277F9-61BD-423A-AF6B-54F9BE0392C6}.Release|Any CPU.Build.0 = Release|Any CPU
		{8F4FAE47-A9A6-49C5-B56A-E2367A9F85A2}.Debug|Any CPU.ActiveCfg = Debug|Any CPU
		{8F4FAE47-A9A6-49C5-B56A-E2367A9F85A2}.Debug|Any CPU.Build.0 = Debug|Any CPU
		{8F4FAE47-A9A6-49C5-B56A-E2367A9F85A2}.Release|Any CPU.ActiveCfg = Release|Any CPU
		{8F4FAE47-A9A6-49C5-B56A-E2367A9F85A2}.Release|Any CPU.Build.0 = Release|Any CPU
		{20FCBE25-9A6D-48CA-A302-8F48423DFF8B}.Debug|Any CPU.ActiveCfg = Debug
		{20FCBE25-9A6D-48CA-A302-8F48423DFF8B}.Release|Any CPU.ActiveCfg = Release
	EndGlobalSection
	GlobalSection(SolutionProperties) = preSolution
		HideSolutionNode = FALSE
	EndGlobalSection
	GlobalSection(ExtensibilityGlobals) = postSolution
		SolutionGuid = {2D3E39C8-0631-4E49-916F-B1CA1F7378C0}
	EndGlobalSection
EndGlobal
